
Microsoft Visual Studio Solution File, Format Version 12.00
# Visual Studio 15
VisualStudioVersion = 15.0.27703.2026
MinimumVisualStudioVersion = 10.0.40219.1
Project("{9A19103F-16F7-4668-BE54-9A1E7A4F7556}") = "AcctAuthDemo.Web", "AcctAuthDemo.Web\AcctAuthDemo.Web.csproj", "{DABE7CF1-07FD-4E95-AA0C-D978D77E0B27}"
EndProject
Project("{9A19103F-16F7-4668-BE54-9A1E7A4F7556}") = "AcctAuthDemo.Model", "AcctAuthDemo.Model\AcctAuthDemo.Model.csproj", "{5AB4B902-80DD-4644-A352-5517588B2708}"
EndProject
Project("{9A19103F-16F7-4668-BE54-9A1E7A4F7556}") = "AcctAuthDemo.Data", "AcctAuthDemo.Data\AcctAuthDemo.Data.csproj", "{41F69CCF-8441-4B98-951C-12AF2F7E3F21}"
EndProject
Project("{9A19103F-16F7-4668-BE54-9A1E7A4F7556}") = "AcctAuthDemo.Service", "AcctAuthDemo.Service\AcctAuthDemo.Service.csproj", "{C9DFB45F-B85B-4382-9831-9EDB7E766D98}"
EndProject
Project("{FAE04EC0-301F-11D3-BF4B-00C04F79EFBC}") = "AcctAuthDemo.Utility", "AcctAuthDemo.Utility\AcctAuthDemo.Utility.csproj", "{B6BD6437-185A-45C4-83C1-9DD645FCC870}"
EndProject
Global
	GlobalSection(SolutionConfigurationPlatforms) = preSolution
		Debug|Any CPU = Debug|Any CPU
		Release|Any CPU = Release|Any CPU
	EndGlobalSection
	GlobalSection(ProjectConfigurationPlatforms) = postSolution
		{DABE7CF1-07FD-4E95-AA0C-D978D77E0B27}.Debug|Any CPU.ActiveCfg = Debug|Any CPU
		{DABE7CF1-07FD-4E95-AA0C-D978D77E0B27}.Debug|Any CPU.Build.0 = Debug|Any CPU
		{DABE7CF1-07FD-4E95-AA0C-D978D77E0B27}.Release|Any CPU.ActiveCfg = Release|Any CPU
		{DABE7CF1-07FD-4E95-AA0C-D978D77E0B27}.Release|Any CPU.Build.0 = Release|Any CPU
		{5AB4B902-80DD-4644-A352-5517588B2708}.Debug|Any CPU.ActiveCfg = Debug|Any CPU
		{5AB4B902-80DD-4644-A352-5517588B2708}.Debug|Any CPU.Build.0 = Debug|Any CPU
		{5AB4B902-80DD-4644-A352-5517588B2708}.Release|Any CPU.ActiveCfg = Release|Any CPU
		{5AB4B902-80DD-4644-A352-5517588B2708}.Release|Any CPU.Build.0 = Release|Any CPU
		{41F69CCF-8441-4B98-951C-12AF2F7E3F21}.Debug|Any CPU.ActiveCfg = Debug|Any CPU
		{41F69CCF-8441-4B98-951C-12AF2F7E3F21}.Debug|Any CPU.Build.0 = Debug|Any CPU
		{41F69CCF-8441-4B98-951C-12AF2F7E3F21}.Release|Any CPU.ActiveCfg = Release|Any CPU
		{41F69CCF-8441-4B98-951C-12AF2F7E3F21}.Release|Any CPU.Build.0 = Release|Any CPU
		{C9DFB45F-B85B-4382-9831-9EDB7E766D98}.Debug|Any CPU.ActiveCfg = Debug|Any CPU
		{C9DFB45F-B85B-4382-9831-9EDB7E766D98}.Debug|Any CPU.Build.0 = Debug|Any CPU
		{C9DFB45F-B85B-4382-9831-9EDB7E766D98}.Release|Any CPU.ActiveCfg = Release|Any CPU
		{C9DFB45F-B85B-4382-9831-9EDB7E766D98}.Release|Any CPU.Build.0 = Release|Any CPU
		{B6BD6437-185A-45C4-83C1-9DD645FCC870}.Debug|Any CPU.ActiveCfg = Debug|Any CPU
		{B6BD6437-185A-45C4-83C1-9DD645FCC870}.Debug|Any CPU.Build.0 = Debug|Any CPU
		{B6BD6437-185A-45C4-83C1-9DD645FCC870}.Release|Any CPU.ActiveCfg = Release|Any CPU
		{B6BD6437-185A-45C4-83C1-9DD645FCC870}.Release|Any CPU.Build.0 = Release|Any CPU
	EndGlobalSection
	GlobalSection(SolutionProperties) = preSolution
		HideSolutionNode = FALSE
	EndGlobalSection
	GlobalSection(ExtensibilityGlobals) = postSolution
		SolutionGuid = {A08A21BF-6D02-41AA-B223-B799C4A487EB}
	EndGlobalSection
EndGlobal
